
Microsoft Visual Studio Solution File, Format Version 12.00
# Visual Studio Version 16
VisualStudioVersion = 16.0.32106.194
MinimumVisualStudioVersion = 10.0.40219.1
Project("{FAE04EC0-301F-11D3-BF4B-00C04F79EFBC}") = "EstudiosAvanzados", "EstudiosAvanzados\EstudiosAvanzados.csproj", "{D23488BC-871E-434A-B01E-A2491F4D2CEE}"
EndProject
Global
	GlobalSection(SolutionConfigurationPlatforms) = preSolution
		Debug|Any CPU = Debug|Any CPU
		Release|Any CPU = Release|Any CPU
	EndGlobalSection
	GlobalSection(ProjectConfigurationPlatforms) = postSolution
		{D23488BC-871E-434A-B01E-A2491F4D2CEE}.Debug|Any CPU.ActiveCfg = Debug|Any CPU
		{D23488BC-871E-434A-B01E-A2491F4D2CEE}.Debug|Any CPU.Build.0 = Debug|Any CPU
		{D23488BC-871E-434A-B01E-A2491F4D2CEE}.Release|Any CPU.ActiveCfg = Release|Any CPU
		{D23488BC-871E-434A-B01E-A2491F4D2CEE}.Release|Any CPU.Build.0 = Release|Any CPU
	EndGlobalSection
	GlobalSection(SolutionProperties) = preSolution
		HideSolutionNode = FALSE
	EndGlobalSection
	GlobalSection(ExtensibilityGlobals) = postSolution
		SolutionGuid = {00951BAF-F13A-46EE-B9DF-11F95EFBD2A8}
	EndGlobalSection
EndGlobal
